
Microsoft Visual Studio Solution File, Format Version 12.00
# Visual Studio Version 16
VisualStudioVersion = 25.0.1704.2
MinimumVisualStudioVersion = 10.0.40219.1
Project("{FAE04EC0-301F-11D3-BF4B-00C04F79EFBC}") = "Main", "Main\Main.csproj", "{A318B995-4DD3-4E51-96F6-95D2D97B95AE}"
EndProject
Project("{FAE04EC0-301F-11D3-BF4B-00C04F79EFBC}") = "Service", "Service\Service.csproj", "{91A3CC4A-FE40-4259-A715-FDDCA043A765}"
EndProject
Project("{FAE04EC0-301F-11D3-BF4B-00C04F79EFBC}") = "Domain", "Domain\Domain.csproj", "{6542AC46-EEA1-42F1-BC79-C85C21EB271F}"
EndProject
Global
	GlobalSection(SolutionConfigurationPlatforms) = preSolution
		Debug|Any CPU = Debug|Any CPU
		Release|Any CPU = Release|Any CPU
	EndGlobalSection
	GlobalSection(ProjectConfigurationPlatforms) = postSolution
		{A318B995-4DD3-4E51-96F6-95D2D97B95AE}.Debug|Any CPU.ActiveCfg = Debug|Any CPU
		{A318B995-4DD3-4E51-96F6-95D2D97B95AE}.Debug|Any CPU.Build.0 = Debug|Any CPU
		{A318B995-4DD3-4E51-96F6-95D2D97B95AE}.Release|Any CPU.ActiveCfg = Release|Any CPU
		{A318B995-4DD3-4E51-96F6-95D2D97B95AE}.Release|Any CPU.Build.0 = Release|Any CPU
		{91A3CC4A-FE40-4259-A715-FDDCA043A765}.Debug|Any CPU.ActiveCfg = Debug|Any CPU
		{91A3CC4A-FE40-4259-A715-FDDCA043A765}.Debug|Any CPU.Build.0 = Debug|Any CPU
		{91A3CC4A-FE40-4259-A715-FDDCA043A765}.Release|Any CPU.ActiveCfg = Release|Any CPU
		{91A3CC4A-FE40-4259-A715-FDDCA043A765}.Release|Any CPU.Build.0 = Release|Any CPU
		{6542AC46-EEA1-42F1-BC79-C85C21EB271F}.Debug|Any CPU.ActiveCfg = Debug|Any CPU
		{6542AC46-EEA1-42F1-BC79-C85C21EB271F}.Debug|Any CPU.Build.0 = Debug|Any CPU
		{6542AC46-EEA1-42F1-BC79-C85C21EB271F}.Release|Any CPU.ActiveCfg = Release|Any CPU
		{6542AC46-EEA1-42F1-BC79-C85C21EB271F}.Release|Any CPU.Build.0 = Release|Any CPU
	EndGlobalSection
	GlobalSection(SolutionProperties) = preSolution
		HideSolutionNode = FALSE
	EndGlobalSection
	GlobalSection(ExtensibilityGlobals) = postSolution
		SolutionGuid = {7DC5D8DF-F126-42CA-A406-3F6DE9AE8C2F}
	EndGlobalSection
EndGlobal
